// !$*UTF8*$!
{
	archiveVersion = 1;
	classes = {
	};
	objectVersion = 46;
	objects = {

/* Begin PBXBuildFile section */
		3FD5F45815F59CDF002D2F19 /* UIKit.framework in Frameworks */ = {isa = PBXBuildFile; fileRef = 3FD5F45715F59CDF002D2F19 /* UIKit.framework */; };
		3FD5F45A15F59CDF002D2F19 /* Foundation.framework in Frameworks */ = {isa = PBXBuildFile; fileRef = 3FD5F45915F59CDF002D2F19 /* Foundation.framework */; };
		3FD5F45C15F59CDF002D2F19 /* CoreGraphics.framework in Frameworks */ = {isa = PBXBuildFile; fileRef = 3FD5F45B15F59CDF002D2F19 /* CoreGraphics.framework */; };
		3FD5F46215F59CDF002D2F19 /* InfoPlist.strings in Resources */ = {isa = PBXBuildFile; fileRef = 3FD5F46015F59CDF002D2F19 /* InfoPlist.strings */; };
		3FD5F46415F59CDF002D2F19 /* main.m in Sources */ = {isa = PBXBuildFile; fileRef = 3FD5F46315F59CDF002D2F19 /* main.m */; };
		3FD5F46815F59CDF002D2F19 /* AppDelegate.m in Sources */ = {isa = PBXBuildFile; fileRef = 3FD5F46715F59CDF002D2F19 /* AppDelegate.m */; };
		3FD5F46B15F59CDF002D2F19 /* ViewController.m in Sources */ = {isa = PBXBuildFile; fileRef = 3FD5F46A15F59CDF002D2F19 /* ViewController.m */; };
		3FD5F46E15F59CDF002D2F19 /* ViewController.xib in Resources */ = {isa = PBXBuildFile; fileRef = 3FD5F46C15F59CDF002D2F19 /* ViewController.xib */; };
/* End PBXBuildFile section */

/* Begin PBXFileReference section */
		3FD5F45315F59CDF002D2F19 /* EmptySingleViewApplication.app */ = {isa = PBXFileReference; explicitFileType = wrapper.application; includeInIndex = 0; path = EmptySingleViewApplication.app; sourceTree = BUILT_PRODUCTS_DIR; };
		3FD5F45715F59CDF002D2F19 /* UIKit.framework */ = {isa = PBXFileReference; lastKnownFileType = wrapper.framework; name = UIKit.framework; path = System/Library/Frameworks/UIKit.framework; sourceTree = SDKROOT; };
		3FD5F45915F59CDF002D2F19 /* Foundation.framework */ = {isa = PBXFileReference; lastKnownFileType = wrapper.framework; name = Foundation.framework; path = System/Library/Frameworks/Foundation.framework; sourceTree = SDKROOT; };
		3FD5F45B15F59CDF002D2F19 /* CoreGraphics.framework */ = {isa = PBXFileReference; lastKnownFileType = wrapper.framework; name = CoreGraphics.framework; path = System/Library/Frameworks/CoreGraphics.framework; sourceTree = SDKROOT; };
		3FD5F45F15F59CDF002D2F19 /* EmptySingleViewApplication-Info.plist */ = {isa = PBXFileReference; lastKnownFileType = text.plist.xml; path = "EmptySingleViewApplication-Info.plist"; sourceTree = "<group>"; };
		3FD5F46115F59CDF002D2F19 /* en */ = {isa = PBXFileReference; lastKnownFileType = text.plist.strings; name = en; path = en.lproj/InfoPlist.strings; sourceTree = "<group>"; };
		3FD5F46315F59CDF002D2F19 /* main.m */ = {isa = PBXFileReference; lastKnownFileType = sourcecode.c.objc; path = main.m; sourceTree = "<group>"; };
		3FD5F46515F59CDF002D2F19 /* EmptySingleViewApplication-Prefix.pch */ = {isa = PBXFileReference; lastKnownFileType = sourcecode.c.h; path = "EmptySingleViewApplication-Prefix.pch"; sourceTree = "<group>"; };
		3FD5F46615F59CDF002D2F19 /* AppDelegate.h */ = {isa = PBXFileReference; lastKnownFileType = sourcecode.c.h; path = AppDelegate.h; sourceTree = "<group>"; };
		3FD5F46715F59CDF002D2F19 /* AppDelegate.m */ = {isa = PBXFileReference; lastKnownFileType = sourcecode.c.objc; path = AppDelegate.m; sourceTree = "<group>"; };
		3FD5F46915F59CDF002D2F19 /* ViewController.h */ = {isa = PBXFileReference; lastKnownFileType = sourcecode.c.h; path = ViewController.h; sourceTree = "<group>"; };
		3FD5F46A15F59CDF002D2F19 /* ViewController.m */ = {isa = PBXFileReference; lastKnownFileType = sourcecode.c.objc; path = ViewController.m; sourceTree = "<group>"; };
		3FD5F46D15F59CDF002D2F19 /* en */ = {isa = PBXFileReference; lastKnownFileType = file.xib; name = en; path = en.lproj/ViewController.xib; sourceTree = "<group>"; };
/* End PBXFileReference section */

/* Begin PBXFrameworksBuildPhase section */
		3FD5F45015F59CDF002D2F19 /* Frameworks */ = {
			isa = PBXFrameworksBuildPhase;
			buildActionMask = 2147483647;
			files = (
				3FD5F45815F59CDF002D2F19 /* UIKit.framework in Frameworks */,
				3FD5F45A15F59CDF002D2F19 /* Foundation.framework in Frameworks */,
				3FD5F45C15F59CDF002D2F19 /* CoreGraphics.framework in Frameworks */,
			);
			runOnlyForDeploymentPostprocessing = 0;
		};
/* End PBXFrameworksBuildPhase section */

/* Begin PBXGroup section */
		3FD5F44815F59CDF002D2F19 = {
			isa = PBXGroup;
			children = (
				3FD5F45D15F59CDF002D2F19 /* EmptySingleViewApplication */,
				3FD5F45615F59CDF002D2F19 /* Frameworks */,
				3FD5F45415F59CDF002D2F19 /* Products */,
			);
			sourceTree = "<group>";
		};
		3FD5F45415F59CDF002D2F19 /* Products */ = {
			isa = PBXGroup;
			children = (
				3FD5F45315F59CDF002D2F19 /* EmptySingleViewApplication.app */,
			);
			name = Products;
			sourceTree = "<group>";
		};
		3FD5F45615F59CDF002D2F19 /* Frameworks */ = {
			isa = PBXGroup;
			children = (
				3FD5F45715F59CDF002D2F19 /* UIKit.framework */,
				3FD5F45915F59CDF002D2F19 /* Foundation.framework */,
				3FD5F45B15F59CDF002D2F19 /* CoreGraphics.framework */,
			);
			name = Frameworks;
			sourceTree = "<group>";
		};
		3FD5F45D15F59CDF002D2F19 /* EmptySingleViewApplication */ = {
			isa = PBXGroup;
			children = (
				3FD5F46615F59CDF002D2F19 /* AppDelegate.h */,
				3FD5F46715F59CDF002D2F19 /* AppDelegate.m */,
				3FD5F46915F59CDF002D2F19 /* ViewController.h */,
				3FD5F46A15F59CDF002D2F19 /* ViewController.m */,
				3FD5F46C15F59CDF002D2F19 /* ViewController.xib */,
				3FD5F45E15F59CDF002D2F19 /* Supporting Files */,
			);
			path = EmptySingleViewApplication;
			sourceTree = "<group>";
		};
		3FD5F45E15F59CDF002D2F19 /* Supporting Files */ = {
			isa = PBXGroup;
			children = (
				3FD5F45F15F59CDF002D2F19 /* EmptySingleViewApplication-Info.plist */,
				3FD5F46015F59CDF002D2F19 /* InfoPlist.strings */,
				3FD5F46315F59CDF002D2F19 /* main.m */,
				3FD5F46515F59CDF002D2F19 /* EmptySingleViewApplication-Prefix.pch */,
			);
			name = "Supporting Files";
			sourceTree = "<group>";
		};
/* End PBXGroup section */

/* Begin PBXNativeTarget section */
		3FD5F45215F59CDF002D2F19 /* EmptySingleViewApplication */ = {
			isa = PBXNativeTarget;
			buildConfigurationList = 3FD5F47115F59CDF002D2F19 /* Build configuration list for PBXNativeTarget "EmptySingleViewApplication" */;
			buildPhases = (
				3FD5F44F15F59CDF002D2F19 /* Sources */,
				3FD5F45015F59CDF002D2F19 /* Frameworks */,
				3FD5F45115F59CDF002D2F19 /* Resources */,
			);
			buildRules = (
			);
			dependencies = (
			);
			name = EmptySingleViewApplication;
			productName = EmptySingleViewApplication;
			productReference = 3FD5F45315F59CDF002D2F19 /* EmptySingleViewApplication.app */;
			productType = "com.apple.product-type.application";
		};
/* End PBXNativeTarget section */

/* Begin PBXProject section */
		3FD5F44A15F59CDF002D2F19 /* Project object */ = {
			isa = PBXProject;
			attributes = {
				LastUpgradeCheck = 0430;
			};
			buildConfigurationList = 3FD5F44D15F59CDF002D2F19 /* Build configuration list for PBXProject "EmptySingleViewApplication" */;
			compatibilityVersion = "Xcode 3.2";
			developmentRegion = English;
			hasScannedForEncodings = 0;
			knownRegions = (
				en,
			);
			mainGroup = 3FD5F44815F59CDF002D2F19;
			productRefGroup = 3FD5F45415F59CDF002D2F19 /* Products */;
			projectDirPath = "";
			projectRoot = "";
			targets = (
				3FD5F45215F59CDF002D2F19 /* EmptySingleViewApplication */,
			);
		};
/* End PBXProject section */

/* Begin PBXResourcesBuildPhase section */
		3FD5F45115F59CDF002D2F19 /* Resources */ = {
			isa = PBXResourcesBuildPhase;
			buildActionMask = 2147483647;
			files = (
				3FD5F46215F59CDF002D2F19 /* InfoPlist.strings in Resources */,
				3FD5F46E15F59CDF002D2F19 /* ViewController.xib in Resources */,
			);
			runOnlyForDeploymentPostprocessing = 0;
		};
/* End PBXResourcesBuildPhase section */

/* Begin PBXSourcesBuildPhase section */
		3FD5F44F15F59CDF002D2F19 /* Sources */ = {
			isa = PBXSourcesBuildPhase;
			buildActionMask = 2147483647;
			files = (
				3FD5F46415F59CDF002D2F19 /* main.m in Sources */,
				3FD5F46815F59CDF002D2F19 /* AppDelegate.m in Sources */,
				3FD5F46B15F59CDF002D2F19 /* ViewController.m in Sources */,
			);
			runOnlyForDeploymentPostprocessing = 0;
		};
/* End PBXSourcesBuildPhase section */

/* Begin PBXVariantGroup section */
		3FD5F46015F59CDF002D2F19 /* InfoPlist.strings */ = {
			isa = PBXVariantGroup;
			children = (
				3FD5F46115F59CDF002D2F19 /* en */,
			);
			name = InfoPlist.strings;
			sourceTree = "<group>";
		};
		3FD5F46C15F59CDF002D2F19 /* ViewController.xib */ = {
			isa = PBXVariantGroup;
			children = (
				3FD5F46D15F59CDF002D2F19 /* en */,
			);
			name = ViewController.xib;
			sourceTree = "<group>";
		};
/* End PBXVariantGroup section */

/* Begin XCBuildConfiguration section */
		3FD5F46F15F59CDF002D2F19 /* Debug */ = {
			isa = XCBuildConfiguration;
			buildSettings = {
				ALWAYS_SEARCH_USER_PATHS = NO;
				ARCHS = "$(ARCHS_STANDARD_32_BIT)";
				"CODE_SIGN_IDENTITY[sdk=iphoneos*]" = "iPhone Developer";
				COPY_PHASE_STRIP = NO;
				GCC_C_LANGUAGE_STANDARD = gnu99;
				GCC_DYNAMIC_NO_PIC = NO;
				GCC_OPTIMIZATION_LEVEL = 0;
				GCC_PREPROCESSOR_DEFINITIONS = (
					"DEBUG=1",
					"$(inherited)",
				);
				GCC_SYMBOLS_PRIVATE_EXTERN = NO;
				GCC_VERSION = com.apple.compilers.llvm.clang.1_0;
				GCC_WARN_ABOUT_RETURN_TYPE = YES;
				GCC_WARN_UNINITIALIZED_AUTOS = YES;
				GCC_WARN_UNUSED_VARIABLE = YES;
				IPHONEOS_DEPLOYMENT_TARGET = 5.1;
				SDKROOT = iphoneos;
			};
			name = Debug;
		};
		3FD5F47015F59CDF002D2F19 /* Release */ = {
			isa = XCBuildConfiguration;
			buildSettings = {
				ALWAYS_SEARCH_USER_PATHS = NO;
				ARCHS = "$(ARCHS_STANDARD_32_BIT)";
				"CODE_SIGN_IDENTITY[sdk=iphoneos*]" = "iPhone Developer";
				COPY_PHASE_STRIP = YES;
				GCC_C_LANGUAGE_STANDARD = gnu99;
				GCC_VERSION = com.apple.compilers.llvm.clang.1_0;
				GCC_WARN_ABOUT_RETURN_TYPE = YES;
				GCC_WARN_UNINITIALIZED_AUTOS = YES;
				GCC_WARN_UNUSED_VARIABLE = YES;
				IPHONEOS_DEPLOYMENT_TARGET = 5.1;
				OTHER_CFLAGS = "-DNS_BLOCK_ASSERTIONS=1";
				SDKROOT = iphoneos;
				VALIDATE_PRODUCT = YES;
			};
			name = Release;
		};
		3FD5F47215F59CDF002D2F19 /* Debug */ = {
			isa = XCBuildConfiguration;
			buildSettings = {
				GCC_PRECOMPILE_PREFIX_HEADER = YES;
				GCC_PREFIX_HEADER = "EmptySingleViewApplication/EmptySingleViewApplication-Prefix.pch";
				INFOPLIST_FILE = "EmptySingleViewApplication/EmptySingleViewApplication-Info.plist";
				PRODUCT_NAME = "$(TARGET_NAME)";
				WRAPPER_EXTENSION = app;
			};
			name = Debug;
		};
		3FD5F47315F59CDF002D2F19 /* Release */ = {
			isa = XCBuildConfiguration;
			buildSettings = {
				GCC_PRECOMPILE_PREFIX_HEADER = YES;
				GCC_PREFIX_HEADER = "EmptySingleViewApplication/EmptySingleViewApplication-Prefix.pch";
				INFOPLIST_FILE = "EmptySingleViewApplication/EmptySingleViewApplication-Info.plist";
				PRODUCT_NAME = "$(TARGET_NAME)";
				WRAPPER_EXTENSION = app;
			};
			name = Release;
		};
/* End XCBuildConfiguration section */

/* Begin XCConfigurationList section */
		3FD5F44D15F59CDF002D2F19 /* Build configuration list for PBXProject "EmptySingleViewApplication" */ = {
			isa = XCConfigurationList;
			buildConfigurations = (
				3FD5F46F15F59CDF002D2F19 /* Debug */,
				3FD5F47015F59CDF002D2F19 /* Release */,
			);
			defaultConfigurationIsVisible = 0;
			defaultConfigurationName = Release;
		};
		3FD5F47115F59CDF002D2F19 /* Build configuration list for PBXNativeTarget "EmptySingleViewApplication" */ = {
			isa = XCConfigurationList;
			buildConfigurations = (
				3FD5F47215F59CDF002D2F19 /* Debug */,
				3FD5F47315F59CDF002D2F19 /* Release */,
			);
			defaultConfigurationIsVisible = 0;
		};
/* End XCConfigurationList section */
	};
	rootObject = 3FD5F44A15F59CDF002D2F19 /* Project object */;
}
